
Microsoft Visual Studio Solution File, Format Version 12.00
# Visual Studio Version 17
VisualStudioVersion = 17.3.32611.2
MinimumVisualStudioVersion = 10.0.40219.1
Project("{2150E333-8FDC-42A3-9474-1A3956D46DE8}") = "Domain", "Domain", "{6BC0B5E6-94B2-4984-B201-7ACD167E783A}"
EndProject
Project("{2150E333-8FDC-42A3-9474-1A3956D46DE8}") = "Integration", "Integration", "{D66AA3ED-1CC1-405E-BFD3-7DBA6EDC0E2E}"
EndProject
Project("{2150E333-8FDC-42A3-9474-1A3956D46DE8}") = "Presentation", "Presentation", "{7A93BF5E-D7A6-4D8A-AC22-9D5AF09C4880}"
EndProject
Project("{2150E333-8FDC-42A3-9474-1A3956D46DE8}") = "Tests", "Tests", "{D6F2860A-2B15-465E-B1BB-B8B3AE829A9C}"
EndProject
Project("{9A19103F-16F7-4668-BE54-9A1E7A4F7556}") = "Kysect.Shreks.Playground", "Playground\Kysect.Shreks.Playground\Kysect.Shreks.Playground.csproj", "{DE47A0F5-9E5D-4086-88AB-33850DA4EFAE}"
EndProject
Project("{9A19103F-16F7-4668-BE54-9A1E7A4F7556}") = "Kysect.Shreks.Integration.Github", "Infrastructure\Integration\Kysect.Shreks.Integration.Github\Kysect.Shreks.Integration.Github.csproj", "{2D8C7DC4-E72C-4F6C-B361-576576E44EFB}"
EndProject
Project("{9A19103F-16F7-4668-BE54-9A1E7A4F7556}") = "Kysect.Shreks.Integration.Google", "Infrastructure\Integration\Kysect.Shreks.Integration.Google\Kysect.Shreks.Integration.Google.csproj", "{B29C5E6D-2FE4-499E-9AE6-8712CAC38CD8}"
EndProject
Project("{9A19103F-16F7-4668-BE54-9A1E7A4F7556}") = "Kysect.Shreks.Core", "Domain\Kysect.Shreks.Core\Kysect.Shreks.Core.csproj", "{D23139A5-29A9-449E-8AD3-2FC8BC5E8086}"
EndProject
Project("{2150E333-8FDC-42A3-9474-1A3956D46DE8}") = "Application", "Application", "{AE556858-2A9D-481F-9235-3C74F0CDC5A5}"
EndProject
Project("{9A19103F-16F7-4668-BE54-9A1E7A4F7556}") = "Kysect.Shreks.Application.Abstractions", "Application\Kysect.Shreks.Application.Abstractions\Kysect.Shreks.Application.Abstractions.csproj", "{2277FA49-1C47-4798-9CD9-1BB57FE6E383}"
EndProject
Project("{2150E333-8FDC-42A3-9474-1A3956D46DE8}") = "Infrastructure", "Infrastructure", "{C578EF62-E40C-42E7-AB9D-E7BA215F342C}"
EndProject
Project("{9A19103F-16F7-4668-BE54-9A1E7A4F7556}") = "Kysect.Shreks.DataAccess", "Infrastructure\Kysect.Shreks.DataAccess\Kysect.Shreks.DataAccess.csproj", "{DDF7FF3A-29B3-4AF1-831A-869AB641B9EE}"
EndProject
Project("{9A19103F-16F7-4668-BE54-9A1E7A4F7556}") = "Kysect.Shreks.Tests", "Tests\Kysect.Shreks.Tests\Kysect.Shreks.Tests.csproj", "{6B4F926D-8DE4-4204-8B18-5EC5D42D5576}"
EndProject
Project("{9A19103F-16F7-4668-BE54-9A1E7A4F7556}") = "Kysect.Shreks.Seeding", "Infrastructure\Kysect.Shreks.Seeding\Kysect.Shreks.Seeding.csproj", "{5DCD0DCE-A3B4-425A-A691-F001DA77D209}"
EndProject
Project("{9A19103F-16F7-4668-BE54-9A1E7A4F7556}") = "Kysect.Shreks.Playground.Github", "Playground\Kysect.Shreks.Playground.Github\Kysect.Shreks.Playground.Github.csproj", "{9CE8224C-7446-4FB0-AA53-28FE4A668848}"
EndProject
Project("{2150E333-8FDC-42A3-9474-1A3956D46DE8}") = "Playground", "Playground", "{DC866D57-D41E-455D-BD7D-85F1DD575823}"
EndProject
Project("{9A19103F-16F7-4668-BE54-9A1E7A4F7556}") = "Kysect.Shreks.Application.Handlers", "Application\Kysect.Shreks.Application.Handlers\Kysect.Shreks.Application.Handlers.csproj", "{40545D18-5CC3-48FE-8819-A2614EB91804}"
EndProject
Project("{9A19103F-16F7-4668-BE54-9A1E7A4F7556}") = "Kysect.Shreks.Application.Dto", "Application\Kysect.Shreks.Application.Dto\Kysect.Shreks.Application.Dto.csproj", "{9838432F-D197-414D-BA24-8B06BEC9DAC0}"
EndProject
Project("{9A19103F-16F7-4668-BE54-9A1E7A4F7556}") = "Kysect.Shreks.Playground.Google", "Playground\Kysect.Shreks.Playground.Google\Kysect.Shreks.Playground.Google.csproj", "{C5524E3D-B64D-42AF-9C86-857107E1A1EB}"
EndProject
Project("{FAE04EC0-301F-11D3-BF4B-00C04F79EFBC}") = "Kysect.Shreks.Integration.Github.BackgroundWorker", "Infrastructure\Integration\Kysect.Shreks.Integration.Github.BackgroundWorker\Kysect.Shreks.Integration.Github.BackgroundWorker.csproj", "{888AEE7D-0B4F-48F5-B9C7-486A6E29F8E4}"
EndProject
Project("{FAE04EC0-301F-11D3-BF4B-00C04F79EFBC}") = "Kysect.Shreks.Mapping", "Infrastructure\Kysect.Shreks.Mapping\Kysect.Shreks.Mapping.csproj", "{5484C35D-66C8-4350-A5D3-DEBF44AD17F3}"
EndProject
Project("{FAE04EC0-301F-11D3-BF4B-00C04F79EFBC}") = "Kysect.Shreks.Application.Commands", "Application\Kysect.Shreks.Application.Commands\Kysect.Shreks.Application.Commands.csproj", "{571D4667-ACEE-41D2-A12D-D7ED90B00664}"
EndProject
Project("{FAE04EC0-301F-11D3-BF4B-00C04F79EFBC}") = "Kysect.Shreks.WebApi", "Kysect.Shreks.WebApi\Kysect.Shreks.WebApi.csproj", "{D0692446-8F47-4E05-B531-2EBB0B22FC4F}"
EndProject
Project("{FAE04EC0-301F-11D3-BF4B-00C04F79EFBC}") = "Kysect.Shreks.Application", "Application\Kysect.Shreks.Application\Kysect.Shreks.Application.csproj", "{848ADAF7-CABA-4ED1-8FEC-FC6C6C8D0B19}"
EndProject
Global
	GlobalSection(SolutionConfigurationPlatforms) = preSolution
		Debug|Any CPU = Debug|Any CPU
		Release|Any CPU = Release|Any CPU
	EndGlobalSection
	GlobalSection(ProjectConfigurationPlatforms) = postSolution
		{DE47A0F5-9E5D-4086-88AB-33850DA4EFAE}.Debug|Any CPU.ActiveCfg = Debug|Any CPU
		{DE47A0F5-9E5D-4086-88AB-33850DA4EFAE}.Debug|Any CPU.Build.0 = Debug|Any CPU
		{DE47A0F5-9E5D-4086-88AB-33850DA4EFAE}.Release|Any CPU.ActiveCfg = Release|Any CPU
		{DE47A0F5-9E5D-4086-88AB-33850DA4EFAE}.Release|Any CPU.Build.0 = Release|Any CPU
		{2D8C7DC4-E72C-4F6C-B361-576576E44EFB}.Debug|Any CPU.ActiveCfg = Debug|Any CPU
		{2D8C7DC4-E72C-4F6C-B361-576576E44EFB}.Debug|Any CPU.Build.0 = Debug|Any CPU
		{2D8C7DC4-E72C-4F6C-B361-576576E44EFB}.Release|Any CPU.ActiveCfg = Release|Any CPU
		{2D8C7DC4-E72C-4F6C-B361-576576E44EFB}.Release|Any CPU.Build.0 = Release|Any CPU
		{B29C5E6D-2FE4-499E-9AE6-8712CAC38CD8}.Debug|Any CPU.ActiveCfg = Debug|Any CPU
		{B29C5E6D-2FE4-499E-9AE6-8712CAC38CD8}.Debug|Any CPU.Build.0 = Debug|Any CPU
		{B29C5E6D-2FE4-499E-9AE6-8712CAC38CD8}.Release|Any CPU.ActiveCfg = Release|Any CPU
		{B29C5E6D-2FE4-499E-9AE6-8712CAC38CD8}.Release|Any CPU.Build.0 = Release|Any CPU
		{D23139A5-29A9-449E-8AD3-2FC8BC5E8086}.Debug|Any CPU.ActiveCfg = Debug|Any CPU
		{D23139A5-29A9-449E-8AD3-2FC8BC5E8086}.Debug|Any CPU.Build.0 = Debug|Any CPU
		{D23139A5-29A9-449E-8AD3-2FC8BC5E8086}.Release|Any CPU.ActiveCfg = Release|Any CPU
		{D23139A5-29A9-449E-8AD3-2FC8BC5E8086}.Release|Any CPU.Build.0 = Release|Any CPU
		{2277FA49-1C47-4798-9CD9-1BB57FE6E383}.Debug|Any CPU.ActiveCfg = Debug|Any CPU
		{2277FA49-1C47-4798-9CD9-1BB57FE6E383}.Debug|Any CPU.Build.0 = Debug|Any CPU
		{2277FA49-1C47-4798-9CD9-1BB57FE6E383}.Release|Any CPU.ActiveCfg = Release|Any CPU
		{2277FA49-1C47-4798-9CD9-1BB57FE6E383}.Release|Any CPU.Build.0 = Release|Any CPU
		{DDF7FF3A-29B3-4AF1-831A-869AB641B9EE}.Debug|Any CPU.ActiveCfg = Debug|Any CPU
		{DDF7FF3A-29B3-4AF1-831A-869AB641B9EE}.Debug|Any CPU.Build.0 = Debug|Any CPU
		{DDF7FF3A-29B3-4AF1-831A-869AB641B9EE}.Release|Any CPU.ActiveCfg = Release|Any CPU
		{DDF7FF3A-29B3-4AF1-831A-869AB641B9EE}.Release|Any CPU.Build.0 = Release|Any CPU
		{6B4F926D-8DE4-4204-8B18-5EC5D42D5576}.Debug|Any CPU.ActiveCfg = Debug|Any CPU
		{6B4F926D-8DE4-4204-8B18-5EC5D42D5576}.Debug|Any CPU.Build.0 = Debug|Any CPU
		{6B4F926D-8DE4-4204-8B18-5EC5D42D5576}.Release|Any CPU.ActiveCfg = Release|Any CPU
		{6B4F926D-8DE4-4204-8B18-5EC5D42D5576}.Release|Any CPU.Build.0 = Release|Any CPU
		{5DCD0DCE-A3B4-425A-A691-F001DA77D209}.Debug|Any CPU.ActiveCfg = Debug|Any CPU
		{5DCD0DCE-A3B4-425A-A691-F001DA77D209}.Debug|Any CPU.Build.0 = Debug|Any CPU
		{5DCD0DCE-A3B4-425A-A691-F001DA77D209}.Release|Any CPU.ActiveCfg = Release|Any CPU
		{5DCD0DCE-A3B4-425A-A691-F001DA77D209}.Release|Any CPU.Build.0 = Release|Any CPU
		{9CE8224C-7446-4FB0-AA53-28FE4A668848}.Debug|Any CPU.ActiveCfg = Debug|Any CPU
		{9CE8224C-7446-4FB0-AA53-28FE4A668848}.Debug|Any CPU.Build.0 = Debug|Any CPU
		{9CE8224C-7446-4FB0-AA53-28FE4A668848}.Release|Any CPU.ActiveCfg = Release|Any CPU
		{9CE8224C-7446-4FB0-AA53-28FE4A668848}.Release|Any CPU.Build.0 = Release|Any CPU
		{40545D18-5CC3-48FE-8819-A2614EB91804}.Debug|Any CPU.ActiveCfg = Debug|Any CPU
		{40545D18-5CC3-48FE-8819-A2614EB91804}.Debug|Any CPU.Build.0 = Debug|Any CPU
		{40545D18-5CC3-48FE-8819-A2614EB91804}.Release|Any CPU.ActiveCfg = Release|Any CPU
		{40545D18-5CC3-48FE-8819-A2614EB91804}.Release|Any CPU.Build.0 = Release|Any CPU
		{9838432F-D197-414D-BA24-8B06BEC9DAC0}.Debug|Any CPU.ActiveCfg = Debug|Any CPU
		{9838432F-D197-414D-BA24-8B06BEC9DAC0}.Debug|Any CPU.Build.0 = Debug|Any CPU
		{9838432F-D197-414D-BA24-8B06BEC9DAC0}.Release|Any CPU.ActiveCfg = Release|Any CPU
		{9838432F-D197-414D-BA24-8B06BEC9DAC0}.Release|Any CPU.Build.0 = Release|Any CPU
		{888AEE7D-0B4F-48F5-B9C7-486A6E29F8E4}.Debug|Any CPU.ActiveCfg = Debug|Any CPU
		{888AEE7D-0B4F-48F5-B9C7-486A6E29F8E4}.Debug|Any CPU.Build.0 = Debug|Any CPU
		{5484C35D-66C8-4350-A5D3-DEBF44AD17F3}.Debug|Any CPU.ActiveCfg = Debug|Any CPU
		{5484C35D-66C8-4350-A5D3-DEBF44AD17F3}.Debug|Any CPU.Build.0 = Debug|Any CPU
		{C5524E3D-B64D-42AF-9C86-857107E1A1EB}.Debug|Any CPU.ActiveCfg = Debug|Any CPU
		{C5524E3D-B64D-42AF-9C86-857107E1A1EB}.Debug|Any CPU.Build.0 = Debug|Any CPU
		{571D4667-ACEE-41D2-A12D-D7ED90B00664}.Debug|Any CPU.ActiveCfg = Debug|Any CPU
		{571D4667-ACEE-41D2-A12D-D7ED90B00664}.Debug|Any CPU.Build.0 = Debug|Any CPU
		{D0692446-8F47-4E05-B531-2EBB0B22FC4F}.Debug|Any CPU.ActiveCfg = Debug|Any CPU
		{D0692446-8F47-4E05-B531-2EBB0B22FC4F}.Debug|Any CPU.Build.0 = Debug|Any CPU
		{848ADAF7-CABA-4ED1-8FEC-FC6C6C8D0B19}.Debug|Any CPU.ActiveCfg = Debug|Any CPU
		{848ADAF7-CABA-4ED1-8FEC-FC6C6C8D0B19}.Debug|Any CPU.Build.0 = Debug|Any CPU
		{848ADAF7-CABA-4ED1-8FEC-FC6C6C8D0B19}.Release|Any CPU.ActiveCfg = Release|Any CPU
		{848ADAF7-CABA-4ED1-8FEC-FC6C6C8D0B19}.Release|Any CPU.Build.0 = Release|Any CPU
	EndGlobalSection
	GlobalSection(SolutionProperties) = preSolution
		HideSolutionNode = FALSE
	EndGlobalSection
	GlobalSection(NestedProjects) = preSolution
		{D66AA3ED-1CC1-405E-BFD3-7DBA6EDC0E2E} = {C578EF62-E40C-42E7-AB9D-E7BA215F342C}
		{DE47A0F5-9E5D-4086-88AB-33850DA4EFAE} = {DC866D57-D41E-455D-BD7D-85F1DD575823}
		{2D8C7DC4-E72C-4F6C-B361-576576E44EFB} = {D66AA3ED-1CC1-405E-BFD3-7DBA6EDC0E2E}
		{B29C5E6D-2FE4-499E-9AE6-8712CAC38CD8} = {D66AA3ED-1CC1-405E-BFD3-7DBA6EDC0E2E}
		{D23139A5-29A9-449E-8AD3-2FC8BC5E8086} = {6BC0B5E6-94B2-4984-B201-7ACD167E783A}
		{2277FA49-1C47-4798-9CD9-1BB57FE6E383} = {AE556858-2A9D-481F-9235-3C74F0CDC5A5}
		{DDF7FF3A-29B3-4AF1-831A-869AB641B9EE} = {C578EF62-E40C-42E7-AB9D-E7BA215F342C}
		{6B4F926D-8DE4-4204-8B18-5EC5D42D5576} = {D6F2860A-2B15-465E-B1BB-B8B3AE829A9C}
		{5DCD0DCE-A3B4-425A-A691-F001DA77D209} = {C578EF62-E40C-42E7-AB9D-E7BA215F342C}
		{9CE8224C-7446-4FB0-AA53-28FE4A668848} = {DC866D57-D41E-455D-BD7D-85F1DD575823}
		{40545D18-5CC3-48FE-8819-A2614EB91804} = {AE556858-2A9D-481F-9235-3C74F0CDC5A5}
		{9838432F-D197-414D-BA24-8B06BEC9DAC0} = {AE556858-2A9D-481F-9235-3C74F0CDC5A5}
		{5484C35D-66C8-4350-A5D3-DEBF44AD17F3} = {C578EF62-E40C-42E7-AB9D-E7BA215F342C}
		{D0692446-8F47-4E05-B531-2EBB0B22FC4F} = {7A93BF5E-D7A6-4D8A-AC22-9D5AF09C4880}
		{848ADAF7-CABA-4ED1-8FEC-FC6C6C8D0B19} = {AE556858-2A9D-481F-9235-3C74F0CDC5A5}
	EndGlobalSection
	GlobalSection(ExtensibilityGlobals) = postSolution
		SolutionGuid = {CD5C67DB-70F8-4C47-A3F4-7C94BECE1657}
	EndGlobalSection
EndGlobal
