
Microsoft Visual Studio Solution File, Format Version 12.00
# Visual Studio Version 17
VisualStudioVersion = 17.3.32611.2
MinimumVisualStudioVersion = 10.0.40219.1
Project("{2150E333-8FDC-42A3-9474-1A3956D46DE8}") = "Domain", "Domain", "{6BC0B5E6-94B2-4984-B201-7ACD167E783A}"
EndProject
Project("{2150E333-8FDC-42A3-9474-1A3956D46DE8}") = "Integration", "Integration", "{D66AA3ED-1CC1-405E-BFD3-7DBA6EDC0E2E}"
EndProject
Project("{2150E333-8FDC-42A3-9474-1A3956D46DE8}") = "Presentation", "Presentation", "{7A93BF5E-D7A6-4D8A-AC22-9D5AF09C4880}"
EndProject
Project("{2150E333-8FDC-42A3-9474-1A3956D46DE8}") = "Tests", "Tests", "{D6F2860A-2B15-465E-B1BB-B8B3AE829A9C}"
EndProject
Project("{9A19103F-16F7-4668-BE54-9A1E7A4F7556}") = "Kysect.Shreks.Playground", "Playground\Kysect.Shreks.Playground\Kysect.Shreks.Playground.csproj", "{DE47A0F5-9E5D-4086-88AB-33850DA4EFAE}"
EndProject
Project("{9A19103F-16F7-4668-BE54-9A1E7A4F7556}") = "Kysect.Shreks.Integration.Github", "Infrastructure\Integration\Kysect.Shreks.Integration.Github\Kysect.Shreks.Integration.Github.csproj", "{2D8C7DC4-E72C-4F6C-B361-576576E44EFB}"
EndProject
Project("{9A19103F-16F7-4668-BE54-9A1E7A4F7556}") = "Kysect.Shreks.Integration.Google", "Infrastructure\Integration\Kysect.Shreks.Integration.Google\Kysect.Shreks.Integration.Google.csproj", "{B29C5E6D-2FE4-499E-9AE6-8712CAC38CD8}"
EndProject
Project("{9A19103F-16F7-4668-BE54-9A1E7A4F7556}") = "Kysect.Shreks.Core", "Domain\Kysect.Shreks.Core\Kysect.Shreks.Core.csproj", "{D23139A5-29A9-449E-8AD3-2FC8BC5E8086}"
EndProject
Project("{2150E333-8FDC-42A3-9474-1A3956D46DE8}") = "Application", "Application", "{AE556858-2A9D-481F-9235-3C74F0CDC5A5}"
EndProject
Project("{9A19103F-16F7-4668-BE54-9A1E7A4F7556}") = "Kysect.Shreks.Application.Abstractions", "Application\Kysect.Shreks.Application.Abstractions\Kysect.Shreks.Application.Abstractions.csproj", "{2277FA49-1C47-4798-9CD9-1BB57FE6E383}"
EndProject
Project("{2150E333-8FDC-42A3-9474-1A3956D46DE8}") = "Infrastructure", "Infrastructure", "{C578EF62-E40C-42E7-AB9D-E7BA215F342C}"
EndProject
Project("{9A19103F-16F7-4668-BE54-9A1E7A4F7556}") = "Kysect.Shreks.DataAccess", "Infrastructure\Kysect.Shreks.DataAccess\Kysect.Shreks.DataAccess.csproj", "{DDF7FF3A-29B3-4AF1-831A-869AB641B9EE}"
EndProject
Project("{9A19103F-16F7-4668-BE54-9A1E7A4F7556}") = "Kysect.Shreks.Tests", "Tests\Kysect.Shreks.Tests\Kysect.Shreks.Tests.csproj", "{6B4F926D-8DE4-4204-8B18-5EC5D42D5576}"
EndProject
Project("{9A19103F-16F7-4668-BE54-9A1E7A4F7556}") = "Kysect.Shreks.Seeding", "Infrastructure\Kysect.Shreks.Seeding\Kysect.Shreks.Seeding.csproj", "{5DCD0DCE-A3B4-425A-A691-F001DA77D209}"
EndProject
Project("{9A19103F-16F7-4668-BE54-9A1E7A4F7556}") = "Kysect.Shreks.Playground.Github", "Playground\Kysect.Shreks.Playground.Github\Kysect.Shreks.Playground.Github.csproj", "{9CE8224C-7446-4FB0-AA53-28FE4A668848}"
EndProject
Project("{2150E333-8FDC-42A3-9474-1A3956D46DE8}") = "Playground", "Playground", "{DC866D57-D41E-455D-BD7D-85F1DD575823}"
EndProject
Project("{9A19103F-16F7-4668-BE54-9A1E7A4F7556}") = "Kysect.Shreks.Application.Handlers", "Application\Kysect.Shreks.Application.Handlers\Kysect.Shreks.Application.Handlers.csproj", "{40545D18-5CC3-48FE-8819-A2614EB91804}"
EndProject
Project("{9A19103F-16F7-4668-BE54-9A1E7A4F7556}") = "Kysect.Shreks.Application.Dto", "Application\Kysect.Shreks.Application.Dto\Kysect.Shreks.Application.Dto.csproj", "{9838432F-D197-414D-BA24-8B06BEC9DAC0}"
EndProject
Project("{9A19103F-16F7-4668-BE54-9A1E7A4F7556}") = "Kysect.Shreks.Mapping", "Infrastructure\Kysect.Shreks.Mapping\Kysect.Shreks.Mapping.csproj", "{5484C35D-66C8-4350-A5D3-DEBF44AD17F3}"
EndProject
Project("{9A19103F-16F7-4668-BE54-9A1E7A4F7556}") = "Kysect.Shreks.Application.Commands", "Application\Kysect.Shreks.Application.Commands\Kysect.Shreks.Application.Commands.csproj", "{50DC8AA3-2C5D-4A8D-9F8F-2A16DC7BECE9}"
EndProject
Project("{9A19103F-16F7-4668-BE54-9A1E7A4F7556}") = "Kysect.Shreks.Playground.Google", "Playground\Kysect.Shreks.Playground.Google\Kysect.Shreks.Playground.Google.csproj", "{CE106075-41CA-42EA-BAE0-4CE490913555}"
EndProject
Project("{9A19103F-16F7-4668-BE54-9A1E7A4F7556}") = "Kysect.Shreks.DataAccess.Abstractions", "Application\Kysect.Shreks.DataAccess.Abstractions\Kysect.Shreks.DataAccess.Abstractions.csproj", "{9DE92604-D8E3-4E54-B2A8-E0341BB8A63A}"
EndProject
Project("{9A19103F-16F7-4668-BE54-9A1E7A4F7556}") = "Kysect.Shreks.Application", "Application\Kysect.Shreks.Application\Kysect.Shreks.Application.csproj", "{203932D0-A07F-4F58-9F2D-92D0E98F3BCC}"
EndProject
Project("{9A19103F-16F7-4668-BE54-9A1E7A4F7556}") = "Kysect.Shreks.Common", "Domain\Kysect.Shreks.Common\Kysect.Shreks.Common.csproj", "{0100ABDF-B8BD-4A78-BF5E-CDE692890B3B}"
EndProject
Project("{9A19103F-16F7-4668-BE54-9A1E7A4F7556}") = "Kysect.Shreks.Identity", "Infrastructure\Kysect.Shreks.Identity\Kysect.Shreks.Identity.csproj", "{691C37F3-F62E-4F2D-9E29-BD41F7A88A09}"
EndProject
Project("{9A19103F-16F7-4668-BE54-9A1E7A4F7556}") = "Kysect.Shreks.ApiClientGeneration", "Playground\Kysect.Shreks.ApiClientGeneration\Kysect.Shreks.ApiClientGeneration.csproj", "{EEEAD853-2341-4D82-9B17-83076034D0E2}"
EndProject
Project("{9A19103F-16F7-4668-BE54-9A1E7A4F7556}") = "Kysect.Shreks.DataImport", "Playground\Kysect.Shreks.DataImport\Kysect.Shreks.DataImport.csproj", "{601BCCAB-8895-43CB-BC46-EE2C20F4031F}"
EndProject
Project("{9A19103F-16F7-4668-BE54-9A1E7A4F7556}") = "Kysect.Shreks.Application.GithubWorkflow", "Application\Kysect.Shreks.Application.GithubWorkflow\Kysect.Shreks.Application.GithubWorkflow.csproj", "{DF0C2310-8F92-404C-885E-D495B3F334EB}"
EndProject
Project("{9A19103F-16F7-4668-BE54-9A1E7A4F7556}") = "Kysect.Shreks.Application.GithubWorkflow.Abstractions", "Application\Kysect.Shreks.Application.GithubWorkflow.Abstractions\Kysect.Shreks.Application.GithubWorkflow.Abstractions.csproj", "{3B0EB40E-6E3C-4F8D-BBD7-9B7FC5FB7D68}"
EndProject
Project("{2150E333-8FDC-42A3-9474-1A3956D46DE8}") = "Solution Items", "Solution Items", "{557DD492-F931-45E9-8E1E-96FAE771E747}"
	ProjectSection(SolutionItems) = preProject
		.editorconfig = .editorconfig
	EndProjectSection
EndProject
Project("{9A19103F-16F7-4668-BE54-9A1E7A4F7556}") = "Kysect.Shreks.Application.Google", "Application\Kysect.Shreks.Application.Google\Kysect.Shreks.Application.Google.csproj", "{A57B6F3D-1DC1-41A7-90CD-99158B4D55DA}"
EndProject
Project("{9A19103F-16F7-4668-BE54-9A1E7A4F7556}") = "Kysect.Shreks.Controllers", "Presentation\Kysect.Shreks.Controllers\Kysect.Shreks.Controllers.csproj", "{561BAC9C-4E54-414A-BFDA-AFF90B6F5ADF}"
EndProject
Project("{9A19103F-16F7-4668-BE54-9A1E7A4F7556}") = "Kysect.Shreks.WebApi", "Presentation\Kysect.Shreks.WebApi\Kysect.Shreks.WebApi.csproj", "{EBEC3E85-B4EA-4DFD-B66C-5EB0E7D37BD4}"
EndProject
Project("{2150E333-8FDC-42A3-9474-1A3956D46DE8}") = "DeveloperEnvironment", "DeveloperEnvironment", "{9A989DE7-89B0-4761-83FA-CE8AF8DEEFDB}"
EndProject
Project("{FAE04EC0-301F-11D3-BF4B-00C04F79EFBC}") = "Kysect.Shreks.DeveloperEnvironment", "DeveloperEnvironment\Kysect.Shreks.DeveloperEnvironment\Kysect.Shreks.DeveloperEnvironment.csproj", "{356898AB-4F8A-43C4-945C-670B2757848C}"
EndProject
Project("{FAE04EC0-301F-11D3-BF4B-00C04F79EFBC}") = "Kysect.Shreks.WebUI.AdminPanel", "Presentation\Kysect.Shreks.WebUI.AdminPanel\Kysect.Shreks.WebUI.AdminPanel.csproj", "{CF582C5B-EAA5-4368-BC10-33C1584DB1EA}"
EndProject
Project("{FAE04EC0-301F-11D3-BF4B-00C04F79EFBC}") = "Kysect.Shreks.WebApi.Sdk", "Presentation\Kysect.Shreks.WebApi.Sdk\Kysect.Shreks.WebApi.Sdk.csproj", "{3B2120BB-437C-4485-A039-EF4C0CD5D94D}"
EndProject
Project("{FAE04EC0-301F-11D3-BF4B-00C04F79EFBC}") = "Kysect.Shreks.Tests.Handlers", "Tests\Kysect.Shreks.Tests.Handlers\Kysect.Shreks.Tests.Handlers.csproj", "{93EFB7C0-9A60-4C33-8415-863E5F4FA9A4}"
EndProject
Project("{FAE04EC0-301F-11D3-BF4B-00C04F79EFBC}") = "Kysect.Shreks.Application.Contracts", "Application\Kysect.Shreks.Application.Contracts\Kysect.Shreks.Application.Contracts.csproj", "{23BBD282-9EF2-48A2-85E5-165575849494}"
EndProject
Project("{FAE04EC0-301F-11D3-BF4B-00C04F79EFBC}") = "Kysect.Shreks.Application.Services", "Application\Kysect.Shreks.Application.Services\Kysect.Shreks.Application.Services.csproj", "{D3DDF700-F0AB-4146-B6BC-4816F7B33DAF}"
EndProject
Project("{FAE04EC0-301F-11D3-BF4B-00C04F79EFBC}") = "Kysect.Shreks.Tests.Services", "Tests\Kysect.Shreks.Tests.Services\Kysect.Shreks.Tests.Services.csproj", "{97C0825F-67A0-439B-B5D6-8434FE673DDC}"
EndProject
Global
	GlobalSection(SolutionConfigurationPlatforms) = preSolution
		Debug|Any CPU = Debug|Any CPU
		Release|Any CPU = Release|Any CPU
	EndGlobalSection
	GlobalSection(ProjectConfigurationPlatforms) = postSolution
		{DE47A0F5-9E5D-4086-88AB-33850DA4EFAE}.Debug|Any CPU.ActiveCfg = Debug|Any CPU
		{DE47A0F5-9E5D-4086-88AB-33850DA4EFAE}.Debug|Any CPU.Build.0 = Debug|Any CPU
		{DE47A0F5-9E5D-4086-88AB-33850DA4EFAE}.Release|Any CPU.ActiveCfg = Release|Any CPU
		{DE47A0F5-9E5D-4086-88AB-33850DA4EFAE}.Release|Any CPU.Build.0 = Release|Any CPU
		{2D8C7DC4-E72C-4F6C-B361-576576E44EFB}.Debug|Any CPU.ActiveCfg = Debug|Any CPU
		{2D8C7DC4-E72C-4F6C-B361-576576E44EFB}.Debug|Any CPU.Build.0 = Debug|Any CPU
		{2D8C7DC4-E72C-4F6C-B361-576576E44EFB}.Release|Any CPU.ActiveCfg = Release|Any CPU
		{2D8C7DC4-E72C-4F6C-B361-576576E44EFB}.Release|Any CPU.Build.0 = Release|Any CPU
		{B29C5E6D-2FE4-499E-9AE6-8712CAC38CD8}.Debug|Any CPU.ActiveCfg = Debug|Any CPU
		{B29C5E6D-2FE4-499E-9AE6-8712CAC38CD8}.Debug|Any CPU.Build.0 = Debug|Any CPU
		{B29C5E6D-2FE4-499E-9AE6-8712CAC38CD8}.Release|Any CPU.ActiveCfg = Release|Any CPU
		{B29C5E6D-2FE4-499E-9AE6-8712CAC38CD8}.Release|Any CPU.Build.0 = Release|Any CPU
		{D23139A5-29A9-449E-8AD3-2FC8BC5E8086}.Debug|Any CPU.ActiveCfg = Debug|Any CPU
		{D23139A5-29A9-449E-8AD3-2FC8BC5E8086}.Debug|Any CPU.Build.0 = Debug|Any CPU
		{D23139A5-29A9-449E-8AD3-2FC8BC5E8086}.Release|Any CPU.ActiveCfg = Release|Any CPU
		{D23139A5-29A9-449E-8AD3-2FC8BC5E8086}.Release|Any CPU.Build.0 = Release|Any CPU
		{2277FA49-1C47-4798-9CD9-1BB57FE6E383}.Debug|Any CPU.ActiveCfg = Debug|Any CPU
		{2277FA49-1C47-4798-9CD9-1BB57FE6E383}.Debug|Any CPU.Build.0 = Debug|Any CPU
		{2277FA49-1C47-4798-9CD9-1BB57FE6E383}.Release|Any CPU.ActiveCfg = Release|Any CPU
		{2277FA49-1C47-4798-9CD9-1BB57FE6E383}.Release|Any CPU.Build.0 = Release|Any CPU
		{DDF7FF3A-29B3-4AF1-831A-869AB641B9EE}.Debug|Any CPU.ActiveCfg = Debug|Any CPU
		{DDF7FF3A-29B3-4AF1-831A-869AB641B9EE}.Debug|Any CPU.Build.0 = Debug|Any CPU
		{DDF7FF3A-29B3-4AF1-831A-869AB641B9EE}.Release|Any CPU.ActiveCfg = Release|Any CPU
		{DDF7FF3A-29B3-4AF1-831A-869AB641B9EE}.Release|Any CPU.Build.0 = Release|Any CPU
		{6B4F926D-8DE4-4204-8B18-5EC5D42D5576}.Debug|Any CPU.ActiveCfg = Debug|Any CPU
		{6B4F926D-8DE4-4204-8B18-5EC5D42D5576}.Debug|Any CPU.Build.0 = Debug|Any CPU
		{6B4F926D-8DE4-4204-8B18-5EC5D42D5576}.Release|Any CPU.ActiveCfg = Release|Any CPU
		{6B4F926D-8DE4-4204-8B18-5EC5D42D5576}.Release|Any CPU.Build.0 = Release|Any CPU
		{5DCD0DCE-A3B4-425A-A691-F001DA77D209}.Debug|Any CPU.ActiveCfg = Debug|Any CPU
		{5DCD0DCE-A3B4-425A-A691-F001DA77D209}.Debug|Any CPU.Build.0 = Debug|Any CPU
		{5DCD0DCE-A3B4-425A-A691-F001DA77D209}.Release|Any CPU.ActiveCfg = Release|Any CPU
		{5DCD0DCE-A3B4-425A-A691-F001DA77D209}.Release|Any CPU.Build.0 = Release|Any CPU
		{9CE8224C-7446-4FB0-AA53-28FE4A668848}.Debug|Any CPU.ActiveCfg = Debug|Any CPU
		{9CE8224C-7446-4FB0-AA53-28FE4A668848}.Debug|Any CPU.Build.0 = Debug|Any CPU
		{9CE8224C-7446-4FB0-AA53-28FE4A668848}.Release|Any CPU.ActiveCfg = Release|Any CPU
		{9CE8224C-7446-4FB0-AA53-28FE4A668848}.Release|Any CPU.Build.0 = Release|Any CPU
		{40545D18-5CC3-48FE-8819-A2614EB91804}.Debug|Any CPU.ActiveCfg = Debug|Any CPU
		{40545D18-5CC3-48FE-8819-A2614EB91804}.Debug|Any CPU.Build.0 = Debug|Any CPU
		{40545D18-5CC3-48FE-8819-A2614EB91804}.Release|Any CPU.ActiveCfg = Release|Any CPU
		{40545D18-5CC3-48FE-8819-A2614EB91804}.Release|Any CPU.Build.0 = Release|Any CPU
		{9838432F-D197-414D-BA24-8B06BEC9DAC0}.Debug|Any CPU.ActiveCfg = Debug|Any CPU
		{9838432F-D197-414D-BA24-8B06BEC9DAC0}.Debug|Any CPU.Build.0 = Debug|Any CPU
		{9838432F-D197-414D-BA24-8B06BEC9DAC0}.Release|Any CPU.ActiveCfg = Release|Any CPU
		{9838432F-D197-414D-BA24-8B06BEC9DAC0}.Release|Any CPU.Build.0 = Release|Any CPU
		{5484C35D-66C8-4350-A5D3-DEBF44AD17F3}.Debug|Any CPU.ActiveCfg = Debug|Any CPU
		{5484C35D-66C8-4350-A5D3-DEBF44AD17F3}.Debug|Any CPU.Build.0 = Debug|Any CPU
		{5484C35D-66C8-4350-A5D3-DEBF44AD17F3}.Release|Any CPU.ActiveCfg = Release|Any CPU
		{5484C35D-66C8-4350-A5D3-DEBF44AD17F3}.Release|Any CPU.Build.0 = Release|Any CPU
		{50DC8AA3-2C5D-4A8D-9F8F-2A16DC7BECE9}.Debug|Any CPU.ActiveCfg = Debug|Any CPU
		{50DC8AA3-2C5D-4A8D-9F8F-2A16DC7BECE9}.Debug|Any CPU.Build.0 = Debug|Any CPU
		{50DC8AA3-2C5D-4A8D-9F8F-2A16DC7BECE9}.Release|Any CPU.ActiveCfg = Release|Any CPU
		{50DC8AA3-2C5D-4A8D-9F8F-2A16DC7BECE9}.Release|Any CPU.Build.0 = Release|Any CPU
		{CE106075-41CA-42EA-BAE0-4CE490913555}.Debug|Any CPU.ActiveCfg = Debug|Any CPU
		{CE106075-41CA-42EA-BAE0-4CE490913555}.Debug|Any CPU.Build.0 = Debug|Any CPU
		{CE106075-41CA-42EA-BAE0-4CE490913555}.Release|Any CPU.ActiveCfg = Release|Any CPU
		{CE106075-41CA-42EA-BAE0-4CE490913555}.Release|Any CPU.Build.0 = Release|Any CPU
		{9DE92604-D8E3-4E54-B2A8-E0341BB8A63A}.Debug|Any CPU.ActiveCfg = Debug|Any CPU
		{9DE92604-D8E3-4E54-B2A8-E0341BB8A63A}.Debug|Any CPU.Build.0 = Debug|Any CPU
		{9DE92604-D8E3-4E54-B2A8-E0341BB8A63A}.Release|Any CPU.ActiveCfg = Release|Any CPU
		{9DE92604-D8E3-4E54-B2A8-E0341BB8A63A}.Release|Any CPU.Build.0 = Release|Any CPU
		{203932D0-A07F-4F58-9F2D-92D0E98F3BCC}.Debug|Any CPU.ActiveCfg = Debug|Any CPU
		{203932D0-A07F-4F58-9F2D-92D0E98F3BCC}.Debug|Any CPU.Build.0 = Debug|Any CPU
		{203932D0-A07F-4F58-9F2D-92D0E98F3BCC}.Release|Any CPU.ActiveCfg = Release|Any CPU
		{203932D0-A07F-4F58-9F2D-92D0E98F3BCC}.Release|Any CPU.Build.0 = Release|Any CPU
		{0100ABDF-B8BD-4A78-BF5E-CDE692890B3B}.Debug|Any CPU.ActiveCfg = Debug|Any CPU
		{0100ABDF-B8BD-4A78-BF5E-CDE692890B3B}.Debug|Any CPU.Build.0 = Debug|Any CPU
		{0100ABDF-B8BD-4A78-BF5E-CDE692890B3B}.Release|Any CPU.ActiveCfg = Release|Any CPU
		{0100ABDF-B8BD-4A78-BF5E-CDE692890B3B}.Release|Any CPU.Build.0 = Release|Any CPU
		{691C37F3-F62E-4F2D-9E29-BD41F7A88A09}.Debug|Any CPU.ActiveCfg = Debug|Any CPU
		{691C37F3-F62E-4F2D-9E29-BD41F7A88A09}.Debug|Any CPU.Build.0 = Debug|Any CPU
		{691C37F3-F62E-4F2D-9E29-BD41F7A88A09}.Release|Any CPU.ActiveCfg = Release|Any CPU
		{691C37F3-F62E-4F2D-9E29-BD41F7A88A09}.Release|Any CPU.Build.0 = Release|Any CPU
		{EEEAD853-2341-4D82-9B17-83076034D0E2}.Debug|Any CPU.ActiveCfg = Debug|Any CPU
		{EEEAD853-2341-4D82-9B17-83076034D0E2}.Debug|Any CPU.Build.0 = Debug|Any CPU
		{EEEAD853-2341-4D82-9B17-83076034D0E2}.Release|Any CPU.ActiveCfg = Release|Any CPU
		{EEEAD853-2341-4D82-9B17-83076034D0E2}.Release|Any CPU.Build.0 = Release|Any CPU
		{601BCCAB-8895-43CB-BC46-EE2C20F4031F}.Debug|Any CPU.ActiveCfg = Debug|Any CPU
		{601BCCAB-8895-43CB-BC46-EE2C20F4031F}.Debug|Any CPU.Build.0 = Debug|Any CPU
		{601BCCAB-8895-43CB-BC46-EE2C20F4031F}.Release|Any CPU.ActiveCfg = Release|Any CPU
		{601BCCAB-8895-43CB-BC46-EE2C20F4031F}.Release|Any CPU.Build.0 = Release|Any CPU
		{DF0C2310-8F92-404C-885E-D495B3F334EB}.Debug|Any CPU.ActiveCfg = Debug|Any CPU
		{DF0C2310-8F92-404C-885E-D495B3F334EB}.Debug|Any CPU.Build.0 = Debug|Any CPU
		{DF0C2310-8F92-404C-885E-D495B3F334EB}.Release|Any CPU.ActiveCfg = Release|Any CPU
		{DF0C2310-8F92-404C-885E-D495B3F334EB}.Release|Any CPU.Build.0 = Release|Any CPU
		{3B0EB40E-6E3C-4F8D-BBD7-9B7FC5FB7D68}.Debug|Any CPU.ActiveCfg = Debug|Any CPU
		{3B0EB40E-6E3C-4F8D-BBD7-9B7FC5FB7D68}.Debug|Any CPU.Build.0 = Debug|Any CPU
		{3B0EB40E-6E3C-4F8D-BBD7-9B7FC5FB7D68}.Release|Any CPU.ActiveCfg = Release|Any CPU
		{3B0EB40E-6E3C-4F8D-BBD7-9B7FC5FB7D68}.Release|Any CPU.Build.0 = Release|Any CPU
		{A57B6F3D-1DC1-41A7-90CD-99158B4D55DA}.Debug|Any CPU.ActiveCfg = Debug|Any CPU
		{A57B6F3D-1DC1-41A7-90CD-99158B4D55DA}.Debug|Any CPU.Build.0 = Debug|Any CPU
		{A57B6F3D-1DC1-41A7-90CD-99158B4D55DA}.Release|Any CPU.ActiveCfg = Release|Any CPU
		{A57B6F3D-1DC1-41A7-90CD-99158B4D55DA}.Release|Any CPU.Build.0 = Release|Any CPU
		{561BAC9C-4E54-414A-BFDA-AFF90B6F5ADF}.Debug|Any CPU.ActiveCfg = Debug|Any CPU
		{561BAC9C-4E54-414A-BFDA-AFF90B6F5ADF}.Debug|Any CPU.Build.0 = Debug|Any CPU
		{561BAC9C-4E54-414A-BFDA-AFF90B6F5ADF}.Release|Any CPU.ActiveCfg = Release|Any CPU
		{561BAC9C-4E54-414A-BFDA-AFF90B6F5ADF}.Release|Any CPU.Build.0 = Release|Any CPU
		{EBEC3E85-B4EA-4DFD-B66C-5EB0E7D37BD4}.Debug|Any CPU.ActiveCfg = Debug|Any CPU
		{EBEC3E85-B4EA-4DFD-B66C-5EB0E7D37BD4}.Debug|Any CPU.Build.0 = Debug|Any CPU
		{EBEC3E85-B4EA-4DFD-B66C-5EB0E7D37BD4}.Release|Any CPU.ActiveCfg = Release|Any CPU
		{EBEC3E85-B4EA-4DFD-B66C-5EB0E7D37BD4}.Release|Any CPU.Build.0 = Release|Any CPU
		{356898AB-4F8A-43C4-945C-670B2757848C}.Debug|Any CPU.ActiveCfg = Debug|Any CPU
		{356898AB-4F8A-43C4-945C-670B2757848C}.Debug|Any CPU.Build.0 = Debug|Any CPU
		{356898AB-4F8A-43C4-945C-670B2757848C}.Release|Any CPU.ActiveCfg = Release|Any CPU
		{356898AB-4F8A-43C4-945C-670B2757848C}.Release|Any CPU.Build.0 = Release|Any CPU
		{CF582C5B-EAA5-4368-BC10-33C1584DB1EA}.Debug|Any CPU.ActiveCfg = Debug|Any CPU
		{CF582C5B-EAA5-4368-BC10-33C1584DB1EA}.Debug|Any CPU.Build.0 = Debug|Any CPU
		{CF582C5B-EAA5-4368-BC10-33C1584DB1EA}.Release|Any CPU.ActiveCfg = Release|Any CPU
		{CF582C5B-EAA5-4368-BC10-33C1584DB1EA}.Release|Any CPU.Build.0 = Release|Any CPU
		{3B2120BB-437C-4485-A039-EF4C0CD5D94D}.Debug|Any CPU.ActiveCfg = Debug|Any CPU
		{3B2120BB-437C-4485-A039-EF4C0CD5D94D}.Debug|Any CPU.Build.0 = Debug|Any CPU
		{3B2120BB-437C-4485-A039-EF4C0CD5D94D}.Release|Any CPU.ActiveCfg = Release|Any CPU
		{3B2120BB-437C-4485-A039-EF4C0CD5D94D}.Release|Any CPU.Build.0 = Release|Any CPU
		{93EFB7C0-9A60-4C33-8415-863E5F4FA9A4}.Debug|Any CPU.ActiveCfg = Debug|Any CPU
		{93EFB7C0-9A60-4C33-8415-863E5F4FA9A4}.Debug|Any CPU.Build.0 = Debug|Any CPU
		{93EFB7C0-9A60-4C33-8415-863E5F4FA9A4}.Release|Any CPU.ActiveCfg = Release|Any CPU
		{93EFB7C0-9A60-4C33-8415-863E5F4FA9A4}.Release|Any CPU.Build.0 = Release|Any CPU
		{23BBD282-9EF2-48A2-85E5-165575849494}.Debug|Any CPU.ActiveCfg = Debug|Any CPU
		{23BBD282-9EF2-48A2-85E5-165575849494}.Debug|Any CPU.Build.0 = Debug|Any CPU
		{23BBD282-9EF2-48A2-85E5-165575849494}.Release|Any CPU.ActiveCfg = Release|Any CPU
		{23BBD282-9EF2-48A2-85E5-165575849494}.Release|Any CPU.Build.0 = Release|Any CPU
		{D3DDF700-F0AB-4146-B6BC-4816F7B33DAF}.Debug|Any CPU.ActiveCfg = Debug|Any CPU
		{D3DDF700-F0AB-4146-B6BC-4816F7B33DAF}.Debug|Any CPU.Build.0 = Debug|Any CPU
		{D3DDF700-F0AB-4146-B6BC-4816F7B33DAF}.Release|Any CPU.ActiveCfg = Release|Any CPU
		{D3DDF700-F0AB-4146-B6BC-4816F7B33DAF}.Release|Any CPU.Build.0 = Release|Any CPU
		{97C0825F-67A0-439B-B5D6-8434FE673DDC}.Debug|Any CPU.ActiveCfg = Debug|Any CPU
		{97C0825F-67A0-439B-B5D6-8434FE673DDC}.Debug|Any CPU.Build.0 = Debug|Any CPU
		{97C0825F-67A0-439B-B5D6-8434FE673DDC}.Release|Any CPU.ActiveCfg = Release|Any CPU
		{97C0825F-67A0-439B-B5D6-8434FE673DDC}.Release|Any CPU.Build.0 = Release|Any CPU
	EndGlobalSection
	GlobalSection(SolutionProperties) = preSolution
		HideSolutionNode = FALSE
	EndGlobalSection
	GlobalSection(NestedProjects) = preSolution
		{D66AA3ED-1CC1-405E-BFD3-7DBA6EDC0E2E} = {C578EF62-E40C-42E7-AB9D-E7BA215F342C}
		{DE47A0F5-9E5D-4086-88AB-33850DA4EFAE} = {DC866D57-D41E-455D-BD7D-85F1DD575823}
		{2D8C7DC4-E72C-4F6C-B361-576576E44EFB} = {D66AA3ED-1CC1-405E-BFD3-7DBA6EDC0E2E}
		{B29C5E6D-2FE4-499E-9AE6-8712CAC38CD8} = {D66AA3ED-1CC1-405E-BFD3-7DBA6EDC0E2E}
		{D23139A5-29A9-449E-8AD3-2FC8BC5E8086} = {6BC0B5E6-94B2-4984-B201-7ACD167E783A}
		{2277FA49-1C47-4798-9CD9-1BB57FE6E383} = {AE556858-2A9D-481F-9235-3C74F0CDC5A5}
		{DDF7FF3A-29B3-4AF1-831A-869AB641B9EE} = {C578EF62-E40C-42E7-AB9D-E7BA215F342C}
		{6B4F926D-8DE4-4204-8B18-5EC5D42D5576} = {D6F2860A-2B15-465E-B1BB-B8B3AE829A9C}
		{5DCD0DCE-A3B4-425A-A691-F001DA77D209} = {C578EF62-E40C-42E7-AB9D-E7BA215F342C}
		{9CE8224C-7446-4FB0-AA53-28FE4A668848} = {DC866D57-D41E-455D-BD7D-85F1DD575823}
		{40545D18-5CC3-48FE-8819-A2614EB91804} = {AE556858-2A9D-481F-9235-3C74F0CDC5A5}
		{9838432F-D197-414D-BA24-8B06BEC9DAC0} = {AE556858-2A9D-481F-9235-3C74F0CDC5A5}
		{5484C35D-66C8-4350-A5D3-DEBF44AD17F3} = {C578EF62-E40C-42E7-AB9D-E7BA215F342C}
		{50DC8AA3-2C5D-4A8D-9F8F-2A16DC7BECE9} = {AE556858-2A9D-481F-9235-3C74F0CDC5A5}
		{CE106075-41CA-42EA-BAE0-4CE490913555} = {DC866D57-D41E-455D-BD7D-85F1DD575823}
		{9DE92604-D8E3-4E54-B2A8-E0341BB8A63A} = {C578EF62-E40C-42E7-AB9D-E7BA215F342C}
		{203932D0-A07F-4F58-9F2D-92D0E98F3BCC} = {AE556858-2A9D-481F-9235-3C74F0CDC5A5}
		{0100ABDF-B8BD-4A78-BF5E-CDE692890B3B} = {6BC0B5E6-94B2-4984-B201-7ACD167E783A}
		{691C37F3-F62E-4F2D-9E29-BD41F7A88A09} = {C578EF62-E40C-42E7-AB9D-E7BA215F342C}
		{EEEAD853-2341-4D82-9B17-83076034D0E2} = {DC866D57-D41E-455D-BD7D-85F1DD575823}
		{601BCCAB-8895-43CB-BC46-EE2C20F4031F} = {DC866D57-D41E-455D-BD7D-85F1DD575823}
		{DF0C2310-8F92-404C-885E-D495B3F334EB} = {AE556858-2A9D-481F-9235-3C74F0CDC5A5}
		{3B0EB40E-6E3C-4F8D-BBD7-9B7FC5FB7D68} = {AE556858-2A9D-481F-9235-3C74F0CDC5A5}
		{A57B6F3D-1DC1-41A7-90CD-99158B4D55DA} = {AE556858-2A9D-481F-9235-3C74F0CDC5A5}
		{561BAC9C-4E54-414A-BFDA-AFF90B6F5ADF} = {7A93BF5E-D7A6-4D8A-AC22-9D5AF09C4880}
		{EBEC3E85-B4EA-4DFD-B66C-5EB0E7D37BD4} = {7A93BF5E-D7A6-4D8A-AC22-9D5AF09C4880}
		{356898AB-4F8A-43C4-945C-670B2757848C} = {9A989DE7-89B0-4761-83FA-CE8AF8DEEFDB}
		{CF582C5B-EAA5-4368-BC10-33C1584DB1EA} = {7A93BF5E-D7A6-4D8A-AC22-9D5AF09C4880}
		{3B2120BB-437C-4485-A039-EF4C0CD5D94D} = {7A93BF5E-D7A6-4D8A-AC22-9D5AF09C4880}
		{93EFB7C0-9A60-4C33-8415-863E5F4FA9A4} = {D6F2860A-2B15-465E-B1BB-B8B3AE829A9C}
		{23BBD282-9EF2-48A2-85E5-165575849494} = {AE556858-2A9D-481F-9235-3C74F0CDC5A5}
		{D3DDF700-F0AB-4146-B6BC-4816F7B33DAF} = {AE556858-2A9D-481F-9235-3C74F0CDC5A5}
		{97C0825F-67A0-439B-B5D6-8434FE673DDC} = {D6F2860A-2B15-465E-B1BB-B8B3AE829A9C}
	EndGlobalSection
	GlobalSection(ExtensibilityGlobals) = postSolution
		SolutionGuid = {CD5C67DB-70F8-4C47-A3F4-7C94BECE1657}
	EndGlobalSection
EndGlobal
